
Microsoft Visual Studio Solution File, Format Version 12.00
# Visual Studio 15
VisualStudioVersion = 15.0.28010.2016
MinimumVisualStudioVersion = 10.0.40219.1
Project("{FAE04EC0-301F-11D3-BF4B-00C04F79EFBC}") = "caLab02", "caLab02\caLab02.csproj", "{C746A923-46AB-4670-9328-D11DCBE67F62}"
EndProject
Global
	GlobalSection(SolutionConfigurationPlatforms) = preSolution
		Debug|Any CPU = Debug|Any CPU
		Release|Any CPU = Release|Any CPU
	EndGlobalSection
	GlobalSection(ProjectConfigurationPlatforms) = postSolution
		{C746A923-46AB-4670-9328-D11DCBE67F62}.Debug|Any CPU.ActiveCfg = Debug|Any CPU
		{C746A923-46AB-4670-9328-D11DCBE67F62}.Debug|Any CPU.Build.0 = Debug|Any CPU
		{C746A923-46AB-4670-9328-D11DCBE67F62}.Release|Any CPU.ActiveCfg = Release|Any CPU
		{C746A923-46AB-4670-9328-D11DCBE67F62}.Release|Any CPU.Build.0 = Release|Any CPU
	EndGlobalSection
	GlobalSection(SolutionProperties) = preSolution
		HideSolutionNode = FALSE
	EndGlobalSection
	GlobalSection(ExtensibilityGlobals) = postSolution
		SolutionGuid = {88618FA9-2C24-4AE8-B17A-C0769669D511}
	EndGlobalSection
EndGlobal
