
Microsoft Visual Studio Solution File, Format Version 12.00
# Visual Studio 15
VisualStudioVersion = 15.0.28010.0
MinimumVisualStudioVersion = 10.0.40219.1
Project("{FAE04EC0-301F-11D3-BF4B-00C04F79EFBC}") = "wfaEmpregado", "wfaEmpregado\wfaEmpregado.csproj", "{9C94D472-08DD-470F-BDE8-AD5A033A8B21}"
EndProject
Global
	GlobalSection(SolutionConfigurationPlatforms) = preSolution
		Debug|Any CPU = Debug|Any CPU
		Release|Any CPU = Release|Any CPU
	EndGlobalSection
	GlobalSection(ProjectConfigurationPlatforms) = postSolution
		{9C94D472-08DD-470F-BDE8-AD5A033A8B21}.Debug|Any CPU.ActiveCfg = Debug|Any CPU
		{9C94D472-08DD-470F-BDE8-AD5A033A8B21}.Debug|Any CPU.Build.0 = Debug|Any CPU
		{9C94D472-08DD-470F-BDE8-AD5A033A8B21}.Release|Any CPU.ActiveCfg = Release|Any CPU
		{9C94D472-08DD-470F-BDE8-AD5A033A8B21}.Release|Any CPU.Build.0 = Release|Any CPU
	EndGlobalSection
	GlobalSection(SolutionProperties) = preSolution
		HideSolutionNode = FALSE
	EndGlobalSection
	GlobalSection(ExtensibilityGlobals) = postSolution
		SolutionGuid = {A6D5BE7C-9A5D-42D5-ABBA-10E88F4CF30D}
	EndGlobalSection
EndGlobal
