
Microsoft Visual Studio Solution File, Format Version 12.00
# Visual Studio 15
VisualStudioVersion = 15.0.28010.0
MinimumVisualStudioVersion = 10.0.40219.1
Project("{FAE04EC0-301F-11D3-BF4B-00C04F79EFBC}") = "caQ1", "caQ1\caQ1.csproj", "{CCC25A8F-D2D7-4431-A8E3-2DE0C9E1BB1A}"
EndProject
Global
	GlobalSection(SolutionConfigurationPlatforms) = preSolution
		Debug|Any CPU = Debug|Any CPU
		Release|Any CPU = Release|Any CPU
	EndGlobalSection
	GlobalSection(ProjectConfigurationPlatforms) = postSolution
		{CCC25A8F-D2D7-4431-A8E3-2DE0C9E1BB1A}.Debug|Any CPU.ActiveCfg = Debug|Any CPU
		{CCC25A8F-D2D7-4431-A8E3-2DE0C9E1BB1A}.Debug|Any CPU.Build.0 = Debug|Any CPU
		{CCC25A8F-D2D7-4431-A8E3-2DE0C9E1BB1A}.Release|Any CPU.ActiveCfg = Release|Any CPU
		{CCC25A8F-D2D7-4431-A8E3-2DE0C9E1BB1A}.Release|Any CPU.Build.0 = Release|Any CPU
	EndGlobalSection
	GlobalSection(SolutionProperties) = preSolution
		HideSolutionNode = FALSE
	EndGlobalSection
	GlobalSection(ExtensibilityGlobals) = postSolution
		SolutionGuid = {ABFD489F-4E69-4D70-A329-0CA01852AE68}
	EndGlobalSection
EndGlobal
